
Microsoft Visual Studio Solution File, Format Version 12.00
# Visual Studio Version 16
VisualStudioVersion = 16.6.30114.105
MinimumVisualStudioVersion = 10.0.40219.1
Project("{FAE04EC0-301F-11D3-BF4B-00C04F79EFBC}") = "Core", "Core\Core.csproj", "{018F7DDD-FE73-4031-8514-53AE92A30F89}"
EndProject
Project("{FAE04EC0-301F-11D3-BF4B-00C04F79EFBC}") = "Infrastructure", "Infrastructure\Infrastructure.csproj", "{6A746077-10BB-419D-B3EE-54D229D54656}"
EndProject
Global
	GlobalSection(SolutionConfigurationPlatforms) = preSolution
		Debug|Any CPU = Debug|Any CPU
		Debug|x64 = Debug|x64
		Debug|x86 = Debug|x86
		Release|Any CPU = Release|Any CPU
		Release|x64 = Release|x64
		Release|x86 = Release|x86
	EndGlobalSection
	GlobalSection(SolutionProperties) = preSolution
		HideSolutionNode = FALSE
	EndGlobalSection
	GlobalSection(ProjectConfigurationPlatforms) = postSolution
		{018F7DDD-FE73-4031-8514-53AE92A30F89}.Debug|Any CPU.ActiveCfg = Debug|Any CPU
		{018F7DDD-FE73-4031-8514-53AE92A30F89}.Debug|Any CPU.Build.0 = Debug|Any CPU
		{018F7DDD-FE73-4031-8514-53AE92A30F89}.Debug|x64.ActiveCfg = Debug|Any CPU
		{018F7DDD-FE73-4031-8514-53AE92A30F89}.Debug|x64.Build.0 = Debug|Any CPU
		{018F7DDD-FE73-4031-8514-53AE92A30F89}.Debug|x86.ActiveCfg = Debug|Any CPU
		{018F7DDD-FE73-4031-8514-53AE92A30F89}.Debug|x86.Build.0 = Debug|Any CPU
		{018F7DDD-FE73-4031-8514-53AE92A30F89}.Release|Any CPU.ActiveCfg = Release|Any CPU
		{018F7DDD-FE73-4031-8514-53AE92A30F89}.Release|Any CPU.Build.0 = Release|Any CPU
		{018F7DDD-FE73-4031-8514-53AE92A30F89}.Release|x64.ActiveCfg = Release|Any CPU
		{018F7DDD-FE73-4031-8514-53AE92A30F89}.Release|x64.Build.0 = Release|Any CPU
		{018F7DDD-FE73-4031-8514-53AE92A30F89}.Release|x86.ActiveCfg = Release|Any CPU
		{018F7DDD-FE73-4031-8514-53AE92A30F89}.Release|x86.Build.0 = Release|Any CPU
		{6A746077-10BB-419D-B3EE-54D229D54656}.Debug|Any CPU.ActiveCfg = Debug|Any CPU
		{6A746077-10BB-419D-B3EE-54D229D54656}.Debug|Any CPU.Build.0 = Debug|Any CPU
		{6A746077-10BB-419D-B3EE-54D229D54656}.Debug|x64.ActiveCfg = Debug|Any CPU
		{6A746077-10BB-419D-B3EE-54D229D54656}.Debug|x64.Build.0 = Debug|Any CPU
		{6A746077-10BB-419D-B3EE-54D229D54656}.Debug|x86.ActiveCfg = Debug|Any CPU
		{6A746077-10BB-419D-B3EE-54D229D54656}.Debug|x86.Build.0 = Debug|Any CPU
		{6A746077-10BB-419D-B3EE-54D229D54656}.Release|Any CPU.ActiveCfg = Release|Any CPU
		{6A746077-10BB-419D-B3EE-54D229D54656}.Release|Any CPU.Build.0 = Release|Any CPU
		{6A746077-10BB-419D-B3EE-54D229D54656}.Release|x64.ActiveCfg = Release|Any CPU
		{6A746077-10BB-419D-B3EE-54D229D54656}.Release|x64.Build.0 = Release|Any CPU
		{6A746077-10BB-419D-B3EE-54D229D54656}.Release|x86.ActiveCfg = Release|Any CPU
		{6A746077-10BB-419D-B3EE-54D229D54656}.Release|x86.Build.0 = Release|Any CPU
	EndGlobalSection
EndGlobal
